
Microsoft Visual Studio Solution File, Format Version 12.00
# Visual Studio Version 17
VisualStudioVersion = 17.4.33213.308
MinimumVisualStudioVersion = 10.0.40219.1
Project("{FAE04EC0-301F-11D3-BF4B-00C04F79EFBC}") = "Lego_and_other_toys_Project", "Lego_and_other_toys_Project\Lego_and_other_toys_Project.csproj", "{E0BCB5AF-6E16-4E02-810D-31B7903E8C68}"
EndProject
Global
	GlobalSection(SolutionConfigurationPlatforms) = preSolution
		Debug|Any CPU = Debug|Any CPU
		Release|Any CPU = Release|Any CPU
	EndGlobalSection
	GlobalSection(ProjectConfigurationPlatforms) = postSolution
		{E0BCB5AF-6E16-4E02-810D-31B7903E8C68}.Debug|Any CPU.ActiveCfg = Debug|Any CPU
		{E0BCB5AF-6E16-4E02-810D-31B7903E8C68}.Debug|Any CPU.Build.0 = Debug|Any CPU
		{E0BCB5AF-6E16-4E02-810D-31B7903E8C68}.Release|Any CPU.ActiveCfg = Release|Any CPU
		{E0BCB5AF-6E16-4E02-810D-31B7903E8C68}.Release|Any CPU.Build.0 = Release|Any CPU
	EndGlobalSection
	GlobalSection(SolutionProperties) = preSolution
		HideSolutionNode = FALSE
	EndGlobalSection
	GlobalSection(ExtensibilityGlobals) = postSolution
		SolutionGuid = {B765F47A-7906-4182-8166-148D20FD1A32}
	EndGlobalSection
EndGlobal
